<Solution>
  <Folder Name="/Tools/" />
  <Folder Name="/Tools/WinxHairPatcher/">
    <Project Path="tools/WinxHairPatcher/WinxHairPatcher.Core/WinxHairPatcher.Core.csproj" />
    <Project Path="tools/WinxHairPatcher/WinxHairPatcher.Gui/WinxHairPatcher.Gui.csproj" />
    <Project Path="tools/WinxHairPatcher/WinxHairPatcher.Tests/WinxHairPatcher.Tests.csproj" />
  </Folder>
  <Folder Name="/Tools/SmoExporter/">
    <Project Path="tools/SmoExporter/SmoExporter.Core/SmoExporter.Core.csproj" />
    <Project Path="tools/SmoExporter/SmoExporter.Cli/SmoExporter.Cli.csproj" />
    <Project Path="tools/SmoExporter/SmoExporter.FormatTests/SmoExporter.FormatTests.csproj" />
    <Project Path="tools/SmoExporter/SmoExporter.Gui/SmoExporter.Gui.csproj" />
  </Folder>
  <Folder Name="/Tools/SmoImporter/">
    <Project Path="tools/SmoImporter/SmoImporter.Core/SmoImporter.Core.csproj" />
    <Project Path="tools/SmoImporter/SmoImporter.Gui/SmoImporter.Gui.csproj" />
    <Project Path="tools/SmoImporter/SmoImporter.FormatTests/SmoImporter.FormatTests.csproj" />
  </Folder>
  <Folder Name="/Tools/SMOTextureTool/">
    <Project Path="tools/SMOTextureTool/SMOTextureTool.Core/SMOTextureTool.Core.csproj" />
    <Project Path="tools/SMOTextureTool/SMOTextureTool.FormatTests/SMOTextureTool.FormatTests.csproj" />
    <Project Path="tools/SMOTextureTool/SMOTextureTool/SMOTextureTool.csproj" />
  </Folder>
  <Folder Name="/Tools/SmoViewer/">
    <Project Path="tools/SmoViewer/SmoViewer.Core/SmoViewer.Core.csproj" />
    <Project Path="tools/SmoViewer/SmoViewer.FormatTests/SmoViewer.FormatTests.csproj" />
    <Project Path="tools/SmoViewer/SmoViewer.Inspect/SmoViewer.Inspect.csproj" />
    <Project Path="tools/SmoViewer/SmoViewer/SmoViewer.csproj" />
  </Folder>
</Solution>
