<Solution>
  <Project Path="SmoNativeValidator.Cli/SmoNativeValidator.Cli.csproj" />
  <Project Path="SmoNativeValidator.Core/SmoNativeValidator.Core.csproj" />
  <Project Path="SmoNativeValidator.Tests/SmoNativeValidator.Tests.csproj" />
  <Project Path="SmoViewer.Core/SmoViewer.Core.csproj" />
  <Project Path="SmoViewer.Corpus/SmoViewer.Corpus.csproj" />
  <Project Path="SmoViewer.Rendering.Wpf/SmoViewer.Rendering.Wpf.csproj" />
  <Project Path="SmoViewer.Scene/SmoViewer.Scene.csproj" />
  <Project Path="SmoViewer.Sparkplug/SmoViewer.Sparkplug.csproj" />
  <Project Path="SmoViewer.Sparkplug.Tests/SmoViewer.Sparkplug.Tests.csproj" />
  <Project Path="SmoViewer.FormatTests/SmoViewer.FormatTests.csproj" />
  <Project Path="SmoViewer.GuiTests/SmoViewer.GuiTests.csproj" />
  <Project Path="SmoViewer.Inspect/SmoViewer.Inspect.csproj" />
  <Project Path="SmoViewer/SmoViewer.csproj" />
  <Project Path="SmoViewer.Editing/SmoViewer.Editing.csproj" />
</Solution>
